
Microsoft Visual Studio Solution File, Format Version 12.00
# Visual Studio Version 17
VisualStudioVersion = 17.10.35122.118
MinimumVisualStudioVersion = 10.0.40219.1
Project("{9A19103F-16F7-4668-BE54-9A1E7A4F7556}") = "Umbra.LayoutSwitcher", "Umbra.SamplePlugin\Umbra.LayoutSwitcher.csproj", "{53E266A9-368F-40F3-9A37-BB1ED7385B06}"
EndProject
Global
	GlobalSection(SolutionConfigurationPlatforms) = preSolution
		Debug|Any CPU = Debug|Any CPU
		Release|Any CPU = Release|Any CPU
	EndGlobalSection
	GlobalSection(ProjectConfigurationPlatforms) = postSolution
		{53E266A9-368F-40F3-9A37-BB1ED7385B06}.Debug|Any CPU.ActiveCfg = Debug|x64
		{53E266A9-368F-40F3-9A37-BB1ED7385B06}.Debug|Any CPU.Build.0 = Debug|x64
		{53E266A9-368F-40F3-9A37-BB1ED7385B06}.Release|Any CPU.ActiveCfg = Release|x64
		{53E266A9-368F-40F3-9A37-BB1ED7385B06}.Release|Any CPU.Build.0 = Release|x64
	EndGlobalSection
	GlobalSection(SolutionProperties) = preSolution
		HideSolutionNode = FALSE
	EndGlobalSection
	GlobalSection(ExtensibilityGlobals) = postSolution
		SolutionGuid = {7AB5538F-1B77-4FF2-8E97-7234C5419542}
	EndGlobalSection
EndGlobal
